
Microsoft Visual Studio Solution File, Format Version 12.00
# Visual Studio Version 16
VisualStudioVersion = 16.0.32002.261
MinimumVisualStudioVersion = 10.0.40219.1
Project("{888888A0-9F3D-457C-B088-3A5042F75D52}") = "lab1", "lab1\lab1.pyproj", "{AD40101A-0D78-484F-8E6A-9AB6230F5CB7}"
EndProject
Global
	GlobalSection(SolutionConfigurationPlatforms) = preSolution
		Debug|Any CPU = Debug|Any CPU
		Release|Any CPU = Release|Any CPU
	EndGlobalSection
	GlobalSection(ProjectConfigurationPlatforms) = postSolution
		{AD40101A-0D78-484F-8E6A-9AB6230F5CB7}.Debug|Any CPU.ActiveCfg = Debug|Any CPU
		{AD40101A-0D78-484F-8E6A-9AB6230F5CB7}.Release|Any CPU.ActiveCfg = Release|Any CPU
	EndGlobalSection
	GlobalSection(SolutionProperties) = preSolution
		HideSolutionNode = FALSE
	EndGlobalSection
	GlobalSection(ExtensibilityGlobals) = postSolution
		SolutionGuid = {9119C8A1-28E9-4497-A0AF-18507EBB3261}
	EndGlobalSection
EndGlobal
