
Microsoft Visual Studio Solution File, Format Version 12.00
# Visual Studio Version 16
VisualStudioVersion = 16.0.32002.261
MinimumVisualStudioVersion = 10.0.40219.1
Project("{FAE04EC0-301F-11D3-BF4B-00C04F79EFBC}") = "ConsoleApp2", "ConsoleApp2\ConsoleApp2.csproj", "{1E433671-2481-4209-A59C-459E52EFF9AB}"
EndProject
Global
	GlobalSection(SolutionConfigurationPlatforms) = preSolution
		Debug|Any CPU = Debug|Any CPU
		Release|Any CPU = Release|Any CPU
	EndGlobalSection
	GlobalSection(ProjectConfigurationPlatforms) = postSolution
		{1E433671-2481-4209-A59C-459E52EFF9AB}.Debug|Any CPU.ActiveCfg = Debug|Any CPU
		{1E433671-2481-4209-A59C-459E52EFF9AB}.Debug|Any CPU.Build.0 = Debug|Any CPU
		{1E433671-2481-4209-A59C-459E52EFF9AB}.Release|Any CPU.ActiveCfg = Release|Any CPU
		{1E433671-2481-4209-A59C-459E52EFF9AB}.Release|Any CPU.Build.0 = Release|Any CPU
	EndGlobalSection
	GlobalSection(SolutionProperties) = preSolution
		HideSolutionNode = FALSE
	EndGlobalSection
	GlobalSection(ExtensibilityGlobals) = postSolution
		SolutionGuid = {4249AF53-2407-44BC-8B6A-9B769DE9C338}
	EndGlobalSection
EndGlobal
