
Microsoft Visual Studio Solution File, Format Version 12.00
# Visual Studio Version 16
VisualStudioVersion = 16.0.31702.278
MinimumVisualStudioVersion = 10.0.40219.1
Project("{9A19103F-16F7-4668-BE54-9A1E7A4F7556}") = "Factory", "Factory\Factory.csproj", "{FAD54B85-077D-4513-89A9-8C2A929FCD05}"
EndProject
Global
	GlobalSection(SolutionConfigurationPlatforms) = preSolution
		Debug|Any CPU = Debug|Any CPU
		Release|Any CPU = Release|Any CPU
	EndGlobalSection
	GlobalSection(ProjectConfigurationPlatforms) = postSolution
		{FAD54B85-077D-4513-89A9-8C2A929FCD05}.Debug|Any CPU.ActiveCfg = Debug|Any CPU
		{FAD54B85-077D-4513-89A9-8C2A929FCD05}.Debug|Any CPU.Build.0 = Debug|Any CPU
		{FAD54B85-077D-4513-89A9-8C2A929FCD05}.Release|Any CPU.ActiveCfg = Release|Any CPU
		{FAD54B85-077D-4513-89A9-8C2A929FCD05}.Release|Any CPU.Build.0 = Release|Any CPU
	EndGlobalSection
	GlobalSection(SolutionProperties) = preSolution
		HideSolutionNode = FALSE
	EndGlobalSection
	GlobalSection(ExtensibilityGlobals) = postSolution
		SolutionGuid = {F243AFA8-BCD5-4A74-8AC2-C5E5011C8835}
	EndGlobalSection
EndGlobal
