
Microsoft Visual Studio Solution File, Format Version 12.00
# Visual Studio Version 16
VisualStudioVersion = 16.0.32002.261
MinimumVisualStudioVersion = 10.0.40219.1
Project("{FAE04EC0-301F-11D3-BF4B-00C04F79EFBC}") = "lecture", "lecture\lecture.csproj", "{F7835F22-FA7A-4A6F-B53A-F4F2928A92AA}"
EndProject
Global
	GlobalSection(SolutionConfigurationPlatforms) = preSolution
		Debug|Any CPU = Debug|Any CPU
		Release|Any CPU = Release|Any CPU
	EndGlobalSection
	GlobalSection(ProjectConfigurationPlatforms) = postSolution
		{F7835F22-FA7A-4A6F-B53A-F4F2928A92AA}.Debug|Any CPU.ActiveCfg = Debug|Any CPU
		{F7835F22-FA7A-4A6F-B53A-F4F2928A92AA}.Debug|Any CPU.Build.0 = Debug|Any CPU
		{F7835F22-FA7A-4A6F-B53A-F4F2928A92AA}.Release|Any CPU.ActiveCfg = Release|Any CPU
		{F7835F22-FA7A-4A6F-B53A-F4F2928A92AA}.Release|Any CPU.Build.0 = Release|Any CPU
	EndGlobalSection
	GlobalSection(SolutionProperties) = preSolution
		HideSolutionNode = FALSE
	EndGlobalSection
	GlobalSection(ExtensibilityGlobals) = postSolution
		SolutionGuid = {52B8AE96-1207-4BF9-8C90-327DE80996D4}
	EndGlobalSection
EndGlobal
