
Microsoft Visual Studio Solution File, Format Version 12.00
# Visual Studio Version 16
VisualStudioVersion = 16.0.32002.261
MinimumVisualStudioVersion = 10.0.40219.1
Project("{FAE04EC0-301F-11D3-BF4B-00C04F79EFBC}") = "CLOCK", "CLOCK\CLOCK.csproj", "{780A4441-7368-4445-9E40-E33F10B48575}"
EndProject
Global
	GlobalSection(SolutionConfigurationPlatforms) = preSolution
		Debug|Any CPU = Debug|Any CPU
		Release|Any CPU = Release|Any CPU
	EndGlobalSection
	GlobalSection(ProjectConfigurationPlatforms) = postSolution
		{780A4441-7368-4445-9E40-E33F10B48575}.Debug|Any CPU.ActiveCfg = Debug|Any CPU
		{780A4441-7368-4445-9E40-E33F10B48575}.Debug|Any CPU.Build.0 = Debug|Any CPU
		{780A4441-7368-4445-9E40-E33F10B48575}.Release|Any CPU.ActiveCfg = Release|Any CPU
		{780A4441-7368-4445-9E40-E33F10B48575}.Release|Any CPU.Build.0 = Release|Any CPU
	EndGlobalSection
	GlobalSection(SolutionProperties) = preSolution
		HideSolutionNode = FALSE
	EndGlobalSection
	GlobalSection(ExtensibilityGlobals) = postSolution
		SolutionGuid = {FCF0CE6D-37F4-4D3C-B3B2-257943039138}
	EndGlobalSection
EndGlobal
