
Microsoft Visual Studio Solution File, Format Version 12.00
# Visual Studio Version 16
VisualStudioVersion = 16.0.32002.261
MinimumVisualStudioVersion = 10.0.40219.1
Project("{FAE04EC0-301F-11D3-BF4B-00C04F79EFBC}") = "lrrrr1", "lrrrr1\lrrrr1.csproj", "{2648439A-6BE5-40F2-9009-E5DAB17CBCC7}"
EndProject
Global
	GlobalSection(SolutionConfigurationPlatforms) = preSolution
		Debug|Any CPU = Debug|Any CPU
		Release|Any CPU = Release|Any CPU
	EndGlobalSection
	GlobalSection(ProjectConfigurationPlatforms) = postSolution
		{2648439A-6BE5-40F2-9009-E5DAB17CBCC7}.Debug|Any CPU.ActiveCfg = Debug|Any CPU
		{2648439A-6BE5-40F2-9009-E5DAB17CBCC7}.Debug|Any CPU.Build.0 = Debug|Any CPU
		{2648439A-6BE5-40F2-9009-E5DAB17CBCC7}.Release|Any CPU.ActiveCfg = Release|Any CPU
		{2648439A-6BE5-40F2-9009-E5DAB17CBCC7}.Release|Any CPU.Build.0 = Release|Any CPU
	EndGlobalSection
	GlobalSection(SolutionProperties) = preSolution
		HideSolutionNode = FALSE
	EndGlobalSection
	GlobalSection(ExtensibilityGlobals) = postSolution
		SolutionGuid = {65F537FF-F3F6-4FBD-9A80-B6F1CAE5B159}
	EndGlobalSection
EndGlobal
